
Microsoft Visual Studio Solution File, Format Version 12.00
# Visual Studio 15
VisualStudioVersion = 15.0.26124.0
MinimumVisualStudioVersion = 15.0.26124.0
Project("{FAE04EC0-301F-11D3-BF4B-00C04F79EFBC}") = "SolarCoffee.Data", "SolarCoffee.Data\SolarCoffee.Data.csproj", "{7982BBF3-F70E-42B7-8A88-19187F0CD190}"
EndProject
Project("{FAE04EC0-301F-11D3-BF4B-00C04F79EFBC}") = "SolarCoffee.Services", "SolarCoffee.Services\SolarCoffee.Services.csproj", "{08D8E138-E4E6-4EFC-A6C1-1BBCF4794B96}"
EndProject
Project("{FAE04EC0-301F-11D3-BF4B-00C04F79EFBC}") = "SolarCoffee.Test", "SolarCoffee.Test\SolarCoffee.Test.csproj", "{C34DBADF-951D-4B2B-9969-41910651DD76}"
EndProject
Project("{FAE04EC0-301F-11D3-BF4B-00C04F79EFBC}") = "SolarCoffee.Web", "SolarCoffee.Web\SolarCoffee.Web.csproj", "{CE656385-1F69-4CAF-97BF-862DBADB2FCE}"
EndProject
Global
	GlobalSection(SolutionConfigurationPlatforms) = preSolution
		Debug|Any CPU = Debug|Any CPU
		Debug|x64 = Debug|x64
		Debug|x86 = Debug|x86
		Release|Any CPU = Release|Any CPU
		Release|x64 = Release|x64
		Release|x86 = Release|x86
	EndGlobalSection
	GlobalSection(SolutionProperties) = preSolution
		HideSolutionNode = FALSE
	EndGlobalSection
	GlobalSection(ProjectConfigurationPlatforms) = postSolution
		{7982BBF3-F70E-42B7-8A88-19187F0CD190}.Debug|Any CPU.ActiveCfg = Debug|Any CPU
		{7982BBF3-F70E-42B7-8A88-19187F0CD190}.Debug|Any CPU.Build.0 = Debug|Any CPU
		{7982BBF3-F70E-42B7-8A88-19187F0CD190}.Debug|x64.ActiveCfg = Debug|Any CPU
		{7982BBF3-F70E-42B7-8A88-19187F0CD190}.Debug|x64.Build.0 = Debug|Any CPU
		{7982BBF3-F70E-42B7-8A88-19187F0CD190}.Debug|x86.ActiveCfg = Debug|Any CPU
		{7982BBF3-F70E-42B7-8A88-19187F0CD190}.Debug|x86.Build.0 = Debug|Any CPU
		{7982BBF3-F70E-42B7-8A88-19187F0CD190}.Release|Any CPU.ActiveCfg = Release|Any CPU
		{7982BBF3-F70E-42B7-8A88-19187F0CD190}.Release|Any CPU.Build.0 = Release|Any CPU
		{7982BBF3-F70E-42B7-8A88-19187F0CD190}.Release|x64.ActiveCfg = Release|Any CPU
		{7982BBF3-F70E-42B7-8A88-19187F0CD190}.Release|x64.Build.0 = Release|Any CPU
		{7982BBF3-F70E-42B7-8A88-19187F0CD190}.Release|x86.ActiveCfg = Release|Any CPU
		{7982BBF3-F70E-42B7-8A88-19187F0CD190}.Release|x86.Build.0 = Release|Any CPU
		{08D8E138-E4E6-4EFC-A6C1-1BBCF4794B96}.Debug|Any CPU.ActiveCfg = Debug|Any CPU
		{08D8E138-E4E6-4EFC-A6C1-1BBCF4794B96}.Debug|Any CPU.Build.0 = Debug|Any CPU
		{08D8E138-E4E6-4EFC-A6C1-1BBCF4794B96}.Debug|x64.ActiveCfg = Debug|Any CPU
		{08D8E138-E4E6-4EFC-A6C1-1BBCF4794B96}.Debug|x64.Build.0 = Debug|Any CPU
		{08D8E138-E4E6-4EFC-A6C1-1BBCF4794B96}.Debug|x86.ActiveCfg = Debug|Any CPU
		{08D8E138-E4E6-4EFC-A6C1-1BBCF4794B96}.Debug|x86.Build.0 = Debug|Any CPU
		{08D8E138-E4E6-4EFC-A6C1-1BBCF4794B96}.Release|Any CPU.ActiveCfg = Release|Any CPU
		{08D8E138-E4E6-4EFC-A6C1-1BBCF4794B96}.Release|Any CPU.Build.0 = Release|Any CPU
		{08D8E138-E4E6-4EFC-A6C1-1BBCF4794B96}.Release|x64.ActiveCfg = Release|Any CPU
		{08D8E138-E4E6-4EFC-A6C1-1BBCF4794B96}.Release|x64.Build.0 = Release|Any CPU
		{08D8E138-E4E6-4EFC-A6C1-1BBCF4794B96}.Release|x86.ActiveCfg = Release|Any CPU
		{08D8E138-E4E6-4EFC-A6C1-1BBCF4794B96}.Release|x86.Build.0 = Release|Any CPU
		{C34DBADF-951D-4B2B-9969-41910651DD76}.Debug|Any CPU.ActiveCfg = Debug|Any CPU
		{C34DBADF-951D-4B2B-9969-41910651DD76}.Debug|Any CPU.Build.0 = Debug|Any CPU
		{C34DBADF-951D-4B2B-9969-41910651DD76}.Debug|x64.ActiveCfg = Debug|Any CPU
		{C34DBADF-951D-4B2B-9969-41910651DD76}.Debug|x64.Build.0 = Debug|Any CPU
		{C34DBADF-951D-4B2B-9969-41910651DD76}.Debug|x86.ActiveCfg = Debug|Any CPU
		{C34DBADF-951D-4B2B-9969-41910651DD76}.Debug|x86.Build.0 = Debug|Any CPU
		{C34DBADF-951D-4B2B-9969-41910651DD76}.Release|Any CPU.ActiveCfg = Release|Any CPU
		{C34DBADF-951D-4B2B-9969-41910651DD76}.Release|Any CPU.Build.0 = Release|Any CPU
		{C34DBADF-951D-4B2B-9969-41910651DD76}.Release|x64.ActiveCfg = Release|Any CPU
		{C34DBADF-951D-4B2B-9969-41910651DD76}.Release|x64.Build.0 = Release|Any CPU
		{C34DBADF-951D-4B2B-9969-41910651DD76}.Release|x86.ActiveCfg = Release|Any CPU
		{C34DBADF-951D-4B2B-9969-41910651DD76}.Release|x86.Build.0 = Release|Any CPU
		{CE656385-1F69-4CAF-97BF-862DBADB2FCE}.Debug|Any CPU.ActiveCfg = Debug|Any CPU
		{CE656385-1F69-4CAF-97BF-862DBADB2FCE}.Debug|Any CPU.Build.0 = Debug|Any CPU
		{CE656385-1F69-4CAF-97BF-862DBADB2FCE}.Debug|x64.ActiveCfg = Debug|Any CPU
		{CE656385-1F69-4CAF-97BF-862DBADB2FCE}.Debug|x64.Build.0 = Debug|Any CPU
		{CE656385-1F69-4CAF-97BF-862DBADB2FCE}.Debug|x86.ActiveCfg = Debug|Any CPU
		{CE656385-1F69-4CAF-97BF-862DBADB2FCE}.Debug|x86.Build.0 = Debug|Any CPU
		{CE656385-1F69-4CAF-97BF-862DBADB2FCE}.Release|Any CPU.ActiveCfg = Release|Any CPU
		{CE656385-1F69-4CAF-97BF-862DBADB2FCE}.Release|Any CPU.Build.0 = Release|Any CPU
		{CE656385-1F69-4CAF-97BF-862DBADB2FCE}.Release|x64.ActiveCfg = Release|Any CPU
		{CE656385-1F69-4CAF-97BF-862DBADB2FCE}.Release|x64.Build.0 = Release|Any CPU
		{CE656385-1F69-4CAF-97BF-862DBADB2FCE}.Release|x86.ActiveCfg = Release|Any CPU
		{CE656385-1F69-4CAF-97BF-862DBADB2FCE}.Release|x86.Build.0 = Release|Any CPU
	EndGlobalSection
EndGlobal
